
Microsoft Visual Studio Solution File, Format Version 12.00
# Visual Studio Version 17
VisualStudioVersion = 17.8.34525.116
MinimumVisualStudioVersion = 10.0.40219.1
Project("{FAE04EC0-301F-11D3-BF4B-00C04F79EFBC}") = "Dishes", "Dishes\Dishes.csproj", "{47D3E1B5-3E37-4CDB-8FFE-77A1D9474DC7}"
EndProject
Global
	GlobalSection(SolutionConfigurationPlatforms) = preSolution
		Debug|Any CPU = Debug|Any CPU
		Release|Any CPU = Release|Any CPU
	EndGlobalSection
	GlobalSection(ProjectConfigurationPlatforms) = postSolution
		{47D3E1B5-3E37-4CDB-8FFE-77A1D9474DC7}.Debug|Any CPU.ActiveCfg = Debug|Any CPU
		{47D3E1B5-3E37-4CDB-8FFE-77A1D9474DC7}.Debug|Any CPU.Build.0 = Debug|Any CPU
		{47D3E1B5-3E37-4CDB-8FFE-77A1D9474DC7}.Release|Any CPU.ActiveCfg = Release|Any CPU
		{47D3E1B5-3E37-4CDB-8FFE-77A1D9474DC7}.Release|Any CPU.Build.0 = Release|Any CPU
	EndGlobalSection
	GlobalSection(SolutionProperties) = preSolution
		HideSolutionNode = FALSE
	EndGlobalSection
	GlobalSection(ExtensibilityGlobals) = postSolution
		SolutionGuid = {1619B56B-E879-43F8-A1C9-0B89CB7DB35C}
	EndGlobalSection
EndGlobal
